
Microsoft Visual Studio Solution File, Format Version 12.00
# Visual Studio Version 17
VisualStudioVersion = 17.5.33530.505
MinimumVisualStudioVersion = 10.0.40219.1
Project("{FAE04EC0-301F-11D3-BF4B-00C04F79EFBC}") = "Cache.Redis", "Cache.Redis\Cache.Redis.csproj", "{138DEAF4-E12B-42D8-8B27-ECBFD58F345C}"
EndProject
Global
	GlobalSection(SolutionConfigurationPlatforms) = preSolution
		Debug|Any CPU = Debug|Any CPU
		Release|Any CPU = Release|Any CPU
	EndGlobalSection
	GlobalSection(ProjectConfigurationPlatforms) = postSolution
		{138DEAF4-E12B-42D8-8B27-ECBFD58F345C}.Debug|Any CPU.ActiveCfg = Debug|Any CPU
		{138DEAF4-E12B-42D8-8B27-ECBFD58F345C}.Debug|Any CPU.Build.0 = Debug|Any CPU
		{138DEAF4-E12B-42D8-8B27-ECBFD58F345C}.Release|Any CPU.ActiveCfg = Release|Any CPU
		{138DEAF4-E12B-42D8-8B27-ECBFD58F345C}.Release|Any CPU.Build.0 = Release|Any CPU
	EndGlobalSection
	GlobalSection(SolutionProperties) = preSolution
		HideSolutionNode = FALSE
	EndGlobalSection
	GlobalSection(ExtensibilityGlobals) = postSolution
		SolutionGuid = {82F1458E-49B8-4898-8407-B41D32471875}
	EndGlobalSection
EndGlobal
